
Microsoft Visual Studio Solution File, Format Version 12.00
# Visual Studio Version 17
VisualStudioVersion = 17.7.34202.233
MinimumVisualStudioVersion = 10.0.40219.1
Project("{FAE04EC0-301F-11D3-BF4B-00C04F79EFBC}") = "UniversitySystemAPI.REST", "UniversitySystemAPI.REST\UniversitySystemAPI.REST.csproj", "{79CA5B7B-D644-4EA1-907F-9567B184FEB2}"
EndProject
Global
	GlobalSection(SolutionConfigurationPlatforms) = preSolution
		Debug|Any CPU = Debug|Any CPU
		Release|Any CPU = Release|Any CPU
	EndGlobalSection
	GlobalSection(ProjectConfigurationPlatforms) = postSolution
		{79CA5B7B-D644-4EA1-907F-9567B184FEB2}.Debug|Any CPU.ActiveCfg = Debug|Any CPU
		{79CA5B7B-D644-4EA1-907F-9567B184FEB2}.Debug|Any CPU.Build.0 = Debug|Any CPU
		{79CA5B7B-D644-4EA1-907F-9567B184FEB2}.Release|Any CPU.ActiveCfg = Release|Any CPU
		{79CA5B7B-D644-4EA1-907F-9567B184FEB2}.Release|Any CPU.Build.0 = Release|Any CPU
	EndGlobalSection
	GlobalSection(SolutionProperties) = preSolution
		HideSolutionNode = FALSE
	EndGlobalSection
	GlobalSection(ExtensibilityGlobals) = postSolution
		SolutionGuid = {9F9919E5-58AA-42D1-B6F5-40BF7755C465}
	EndGlobalSection
EndGlobal
